// !$*UTF8*$!
{
	archiveVersion = 1;
	classes = {
	};
	objectVersion = 55;
	objects = {

/* Begin PBXBuildFile section */
		3A736D2F28A0E636008CA2A1 /* tanomealApp.swift in Sources */ = {isa = PBXBuildFile; fileRef = 3A736D2E28A0E636008CA2A1 /* tanomealApp.swift */; };
		3A736D3128A0E636008CA2A1 /* ContentView.swift in Sources */ = {isa = PBXBuildFile; fileRef = 3A736D3028A0E636008CA2A1 /* ContentView.swift */; };
		3A736D3328A0E636008CA2A1 /* Assets.xcassets in Resources */ = {isa = PBXBuildFile; fileRef = 3A736D3228A0E636008CA2A1 /* Assets.xcassets */; };
		3A736D3628A0E636008CA2A1 /* Preview Assets.xcassets in Resources */ = {isa = PBXBuildFile; fileRef = 3A736D3528A0E636008CA2A1 /* Preview Assets.xcassets */; };
		3A736D3828A0E636008CA2A1 /* Persistence.swift in Sources */ = {isa = PBXBuildFile; fileRef = 3A736D3728A0E636008CA2A1 /* Persistence.swift */; };
		3A736D3B28A0E636008CA2A1 /* tanomeal.xcdatamodeld in Sources */ = {isa = PBXBuildFile; fileRef = 3A736D3928A0E636008CA2A1 /* tanomeal.xcdatamodeld */; };
		3A736D4528A0E637008CA2A1 /* tanomealTests.swift in Sources */ = {isa = PBXBuildFile; fileRef = 3A736D4428A0E637008CA2A1 /* tanomealTests.swift */; };
		3A736D4F28A0E637008CA2A1 /* tanomealUITests.swift in Sources */ = {isa = PBXBuildFile; fileRef = 3A736D4E28A0E637008CA2A1 /* tanomealUITests.swift */; };
		3A736D5128A0E637008CA2A1 /* tanomealUITestsLaunchTests.swift in Sources */ = {isa = PBXBuildFile; fileRef = 3A736D5028A0E637008CA2A1 /* tanomealUITestsLaunchTests.swift */; };
/* End PBXBuildFile section */

/* Begin PBXContainerItemProxy section */
		3A736D4128A0E637008CA2A1 /* PBXContainerItemProxy */ = {
			isa = PBXContainerItemProxy;
			containerPortal = 3A736D2328A0E636008CA2A1 /* Project object */;
			proxyType = 1;
			remoteGlobalIDString = 3A736D2A28A0E636008CA2A1;
			remoteInfo = tanomeal;
		};
		3A736D4B28A0E637008CA2A1 /* PBXContainerItemProxy */ = {
			isa = PBXContainerItemProxy;
			containerPortal = 3A736D2328A0E636008CA2A1 /* Project object */;
			proxyType = 1;
			remoteGlobalIDString = 3A736D2A28A0E636008CA2A1;
			remoteInfo = tanomeal;
		};
/* End PBXContainerItemProxy section */

/* Begin PBXFileReference section */
		3A736D2B28A0E636008CA2A1 /* tanomeal.app */ = {isa = PBXFileReference; explicitFileType = wrapper.application; includeInIndex = 0; path = tanomeal.app; sourceTree = BUILT_PRODUCTS_DIR; };
		3A736D2E28A0E636008CA2A1 /* tanomealApp.swift */ = {isa = PBXFileReference; lastKnownFileType = sourcecode.swift; path = tanomealApp.swift; sourceTree = "<group>"; };
		3A736D3028A0E636008CA2A1 /* ContentView.swift */ = {isa = PBXFileReference; lastKnownFileType = sourcecode.swift; path = ContentView.swift; sourceTree = "<group>"; };
		3A736D3228A0E636008CA2A1 /* Assets.xcassets */ = {isa = PBXFileReference; lastKnownFileType = folder.assetcatalog; path = Assets.xcassets; sourceTree = "<group>"; };
		3A736D3528A0E636008CA2A1 /* Preview Assets.xcassets */ = {isa = PBXFileReference; lastKnownFileType = folder.assetcatalog; path = "Preview Assets.xcassets"; sourceTree = "<group>"; };
		3A736D3728A0E636008CA2A1 /* Persistence.swift */ = {isa = PBXFileReference; lastKnownFileType = sourcecode.swift; path = Persistence.swift; sourceTree = "<group>"; };
		3A736D3A28A0E636008CA2A1 /* tanomeal.xcdatamodel */ = {isa = PBXFileReference; lastKnownFileType = wrapper.xcdatamodel; path = tanomeal.xcdatamodel; sourceTree = "<group>"; };
		3A736D4028A0E637008CA2A1 /* tanomealTests.xctest */ = {isa = PBXFileReference; explicitFileType = wrapper.cfbundle; includeInIndex = 0; path = tanomealTests.xctest; sourceTree = BUILT_PRODUCTS_DIR; };
		3A736D4428A0E637008CA2A1 /* tanomealTests.swift */ = {isa = PBXFileReference; lastKnownFileType = sourcecode.swift; path = tanomealTests.swift; sourceTree = "<group>"; };
		3A736D4A28A0E637008CA2A1 /* tanomealUITests.xctest */ = {isa = PBXFileReference; explicitFileType = wrapper.cfbundle; includeInIndex = 0; path = tanomealUITests.xctest; sourceTree = BUILT_PRODUCTS_DIR; };
		3A736D4E28A0E637008CA2A1 /* tanomealUITests.swift */ = {isa = PBXFileReference; lastKnownFileType = sourcecode.swift; path = tanomealUITests.swift; sourceTree = "<group>"; };
		3A736D5028A0E637008CA2A1 /* tanomealUITestsLaunchTests.swift */ = {isa = PBXFileReference; lastKnownFileType = sourcecode.swift; path = tanomealUITestsLaunchTests.swift; sourceTree = "<group>"; };
/* End PBXFileReference section */

/* Begin PBXFrameworksBuildPhase section */
		3A736D2828A0E636008CA2A1 /* Frameworks */ = {
			isa = PBXFrameworksBuildPhase;
			buildActionMask = 2147483647;
			files = (
			);
			runOnlyForDeploymentPostprocessing = 0;
		};
		3A736D3D28A0E637008CA2A1 /* Frameworks */ = {
			isa = PBXFrameworksBuildPhase;
			buildActionMask = 2147483647;
			files = (
			);
			runOnlyForDeploymentPostprocessing = 0;
		};
		3A736D4728A0E637008CA2A1 /* Frameworks */ = {
			isa = PBXFrameworksBuildPhase;
			buildActionMask = 2147483647;
			files = (
			);
			runOnlyForDeploymentPostprocessing = 0;
		};
/* End PBXFrameworksBuildPhase section */

/* Begin PBXGroup section */
		3A736D2228A0E636008CA2A1 = {
			isa = PBXGroup;
			children = (
				3A736D2D28A0E636008CA2A1 /* tanomeal */,
				3A736D4328A0E637008CA2A1 /* tanomealTests */,
				3A736D4D28A0E637008CA2A1 /* tanomealUITests */,
				3A736D2C28A0E636008CA2A1 /* Products */,
			);
			sourceTree = "<group>";
		};
		3A736D2C28A0E636008CA2A1 /* Products */ = {
			isa = PBXGroup;
			children = (
				3A736D2B28A0E636008CA2A1 /* tanomeal.app */,
				3A736D4028A0E637008CA2A1 /* tanomealTests.xctest */,
				3A736D4A28A0E637008CA2A1 /* tanomealUITests.xctest */,
			);
			name = Products;
			sourceTree = "<group>";
		};
		3A736D2D28A0E636008CA2A1 /* tanomeal */ = {
			isa = PBXGroup;
			children = (
				3A736D2E28A0E636008CA2A1 /* tanomealApp.swift */,
				3A736D3028A0E636008CA2A1 /* ContentView.swift */,
				3A736D3228A0E636008CA2A1 /* Assets.xcassets */,
				3A736D3728A0E636008CA2A1 /* Persistence.swift */,
				3A736D3928A0E636008CA2A1 /* tanomeal.xcdatamodeld */,
				3A736D3428A0E636008CA2A1 /* Preview Content */,
			);
			path = tanomeal;
			sourceTree = "<group>";
		};
		3A736D3428A0E636008CA2A1 /* Preview Content */ = {
			isa = PBXGroup;
			children = (
				3A736D3528A0E636008CA2A1 /* Preview Assets.xcassets */,
			);
			path = "Preview Content";
			sourceTree = "<group>";
		};
		3A736D4328A0E637008CA2A1 /* tanomealTests */ = {
			isa = PBXGroup;
			children = (
				3A736D4428A0E637008CA2A1 /* tanomealTests.swift */,
			);
			path = tanomealTests;
			sourceTree = "<group>";
		};
		3A736D4D28A0E637008CA2A1 /* tanomealUITests */ = {
			isa = PBXGroup;
			children = (
				3A736D4E28A0E637008CA2A1 /* tanomealUITests.swift */,
				3A736D5028A0E637008CA2A1 /* tanomealUITestsLaunchTests.swift */,
			);
			path = tanomealUITests;
			sourceTree = "<group>";
		};
/* End PBXGroup section */

/* Begin PBXNativeTarget section */
		3A736D2A28A0E636008CA2A1 /* tanomeal */ = {
			isa = PBXNativeTarget;
			buildConfigurationList = 3A736D5428A0E637008CA2A1 /* Build configuration list for PBXNativeTarget "tanomeal" */;
			buildPhases = (
				3A736D2728A0E636008CA2A1 /* Sources */,
				3A736D2828A0E636008CA2A1 /* Frameworks */,
				3A736D2928A0E636008CA2A1 /* Resources */,
			);
			buildRules = (
			);
			dependencies = (
			);
			name = tanomeal;
			productName = tanomeal;
			productReference = 3A736D2B28A0E636008CA2A1 /* tanomeal.app */;
			productType = "com.apple.product-type.application";
		};
		3A736D3F28A0E637008CA2A1 /* tanomealTests */ = {
			isa = PBXNativeTarget;
			buildConfigurationList = 3A736D5728A0E637008CA2A1 /* Build configuration list for PBXNativeTarget "tanomealTests" */;
			buildPhases = (
				3A736D3C28A0E637008CA2A1 /* Sources */,
				3A736D3D28A0E637008CA2A1 /* Frameworks */,
				3A736D3E28A0E637008CA2A1 /* Resources */,
			);
			buildRules = (
			);
			dependencies = (
				3A736D4228A0E637008CA2A1 /* PBXTargetDependency */,
			);
			name = tanomealTests;
			productName = tanomealTests;
			productReference = 3A736D4028A0E637008CA2A1 /* tanomealTests.xctest */;
			productType = "com.apple.product-type.bundle.unit-test";
		};
		3A736D4928A0E637008CA2A1 /* tanomealUITests */ = {
			isa = PBXNativeTarget;
			buildConfigurationList = 3A736D5A28A0E637008CA2A1 /* Build configuration list for PBXNativeTarget "tanomealUITests" */;
			buildPhases = (
				3A736D4628A0E637008CA2A1 /* Sources */,
				3A736D4728A0E637008CA2A1 /* Frameworks */,
				3A736D4828A0E637008CA2A1 /* Resources */,
			);
			buildRules = (
			);
			dependencies = (
				3A736D4C28A0E637008CA2A1 /* PBXTargetDependency */,
			);
			name = tanomealUITests;
			productName = tanomealUITests;
			productReference = 3A736D4A28A0E637008CA2A1 /* tanomealUITests.xctest */;
			productType = "com.apple.product-type.bundle.ui-testing";
		};
/* End PBXNativeTarget section */

/* Begin PBXProject section */
		3A736D2328A0E636008CA2A1 /* Project object */ = {
			isa = PBXProject;
			attributes = {
				BuildIndependentTargetsInParallel = 1;
				LastSwiftUpdateCheck = 1340;
				LastUpgradeCheck = 1340;
				TargetAttributes = {
					3A736D2A28A0E636008CA2A1 = {
						CreatedOnToolsVersion = 13.4.1;
					};
					3A736D3F28A0E637008CA2A1 = {
						CreatedOnToolsVersion = 13.4.1;
						TestTargetID = 3A736D2A28A0E636008CA2A1;
					};
					3A736D4928A0E637008CA2A1 = {
						CreatedOnToolsVersion = 13.4.1;
						TestTargetID = 3A736D2A28A0E636008CA2A1;
					};
				};
			};
			buildConfigurationList = 3A736D2628A0E636008CA2A1 /* Build configuration list for PBXProject "tanomeal" */;
			compatibilityVersion = "Xcode 13.0";
			developmentRegion = en;
			hasScannedForEncodings = 0;
			knownRegions = (
				en,
				Base,
			);
			mainGroup = 3A736D2228A0E636008CA2A1;
			productRefGroup = 3A736D2C28A0E636008CA2A1 /* Products */;
			projectDirPath = "";
			projectRoot = "";
			targets = (
				3A736D2A28A0E636008CA2A1 /* tanomeal */,
				3A736D3F28A0E637008CA2A1 /* tanomealTests */,
				3A736D4928A0E637008CA2A1 /* tanomealUITests */,
			);
		};
/* End PBXProject section */

/* Begin PBXResourcesBuildPhase section */
		3A736D2928A0E636008CA2A1 /* Resources */ = {
			isa = PBXResourcesBuildPhase;
			buildActionMask = 2147483647;
			files = (
				3A736D3628A0E636008CA2A1 /* Preview Assets.xcassets in Resources */,
				3A736D3328A0E636008CA2A1 /* Assets.xcassets in Resources */,
			);
			runOnlyForDeploymentPostprocessing = 0;
		};
		3A736D3E28A0E637008CA2A1 /* Resources */ = {
			isa = PBXResourcesBuildPhase;
			buildActionMask = 2147483647;
			files = (
			);
			runOnlyForDeploymentPostprocessing = 0;
		};
		3A736D4828A0E637008CA2A1 /* Resources */ = {
			isa = PBXResourcesBuildPhase;
			buildActionMask = 2147483647;
			files = (
			);
			runOnlyForDeploymentPostprocessing = 0;
		};
/* End PBXResourcesBuildPhase section */

/* Begin PBXSourcesBuildPhase section */
		3A736D2728A0E636008CA2A1 /* Sources */ = {
			isa = PBXSourcesBuildPhase;
			buildActionMask = 2147483647;
			files = (
				3A736D3828A0E636008CA2A1 /* Persistence.swift in Sources */,
				3A736D3128A0E636008CA2A1 /* ContentView.swift in Sources */,
				3A736D3B28A0E636008CA2A1 /* tanomeal.xcdatamodeld in Sources */,
				3A736D2F28A0E636008CA2A1 /* tanomealApp.swift in Sources */,
			);
			runOnlyForDeploymentPostprocessing = 0;
		};
		3A736D3C28A0E637008CA2A1 /* Sources */ = {
			isa = PBXSourcesBuildPhase;
			buildActionMask = 2147483647;
			files = (
				3A736D4528A0E637008CA2A1 /* tanomealTests.swift in Sources */,
			);
			runOnlyForDeploymentPostprocessing = 0;
		};
		3A736D4628A0E637008CA2A1 /* Sources */ = {
			isa = PBXSourcesBuildPhase;
			buildActionMask = 2147483647;
			files = (
				3A736D5128A0E637008CA2A1 /* tanomealUITestsLaunchTests.swift in Sources */,
				3A736D4F28A0E637008CA2A1 /* tanomealUITests.swift in Sources */,
			);
			runOnlyForDeploymentPostprocessing = 0;
		};
/* End PBXSourcesBuildPhase section */

/* Begin PBXTargetDependency section */
		3A736D4228A0E637008CA2A1 /* PBXTargetDependency */ = {
			isa = PBXTargetDependency;
			target = 3A736D2A28A0E636008CA2A1 /* tanomeal */;
			targetProxy = 3A736D4128A0E637008CA2A1 /* PBXContainerItemProxy */;
		};
		3A736D4C28A0E637008CA2A1 /* PBXTargetDependency */ = {
			isa = PBXTargetDependency;
			target = 3A736D2A28A0E636008CA2A1 /* tanomeal */;
			targetProxy = 3A736D4B28A0E637008CA2A1 /* PBXContainerItemProxy */;
		};
/* End PBXTargetDependency section */

/* Begin XCBuildConfiguration section */
		3A736D5228A0E637008CA2A1 /* Debug */ = {
			isa = XCBuildConfiguration;
			buildSettings = {
				ALWAYS_SEARCH_USER_PATHS = NO;
				CLANG_ANALYZER_NONNULL = YES;
				CLANG_ANALYZER_NUMBER_OBJECT_CONVERSION = YES_AGGRESSIVE;
				CLANG_CXX_LANGUAGE_STANDARD = "gnu++17";
				CLANG_ENABLE_MODULES = YES;
				CLANG_ENABLE_OBJC_ARC = YES;
				CLANG_ENABLE_OBJC_WEAK = YES;
				CLANG_WARN_BLOCK_CAPTURE_AUTORELEASING = YES;
				CLANG_WARN_BOOL_CONVERSION = YES;
				CLANG_WARN_COMMA = YES;
				CLANG_WARN_CONSTANT_CONVERSION = YES;
				CLANG_WARN_DEPRECATED_OBJC_IMPLEMENTATIONS = YES;
				CLANG_WARN_DIRECT_OBJC_ISA_USAGE = YES_ERROR;
				CLANG_WARN_DOCUMENTATION_COMMENTS = YES;
				CLANG_WARN_EMPTY_BODY = YES;
				CLANG_WARN_ENUM_CONVERSION = YES;
				CLANG_WARN_INFINITE_RECURSION = YES;
				CLANG_WARN_INT_CONVERSION = YES;
				CLANG_WARN_NON_LITERAL_NULL_CONVERSION = YES;
				CLANG_WARN_OBJC_IMPLICIT_RETAIN_SELF = YES;
				CLANG_WARN_OBJC_LITERAL_CONVERSION = YES;
				CLANG_WARN_OBJC_ROOT_CLASS = YES_ERROR;
				CLANG_WARN_QUOTED_INCLUDE_IN_FRAMEWORK_HEADER = YES;
				CLANG_WARN_RANGE_LOOP_ANALYSIS = YES;
				CLANG_WARN_STRICT_PROTOTYPES = YES;
				CLANG_WARN_SUSPICIOUS_MOVE = YES;
				CLANG_WARN_UNGUARDED_AVAILABILITY = YES_AGGRESSIVE;
				CLANG_WARN_UNREACHABLE_CODE = YES;
				CLANG_WARN__DUPLICATE_METHOD_MATCH = YES;
				COPY_PHASE_STRIP = NO;
				DEBUG_INFORMATION_FORMAT = dwarf;
				ENABLE_STRICT_OBJC_MSGSEND = YES;
				ENABLE_TESTABILITY = YES;
				GCC_C_LANGUAGE_STANDARD = gnu11;
				GCC_DYNAMIC_NO_PIC = NO;
				GCC_NO_COMMON_BLOCKS = YES;
				GCC_OPTIMIZATION_LEVEL = 0;
				GCC_PREPROCESSOR_DEFINITIONS = (
					"DEBUG=1",
					"$(inherited)",
				);
				GCC_WARN_64_TO_32_BIT_CONVERSION = YES;
				GCC_WARN_ABOUT_RETURN_TYPE = YES_ERROR;
				GCC_WARN_UNDECLARED_SELECTOR = YES;
				GCC_WARN_UNINITIALIZED_AUTOS = YES_AGGRESSIVE;
				GCC_WARN_UNUSED_FUNCTION = YES;
				GCC_WARN_UNUSED_VARIABLE = YES;
				IPHONEOS_DEPLOYMENT_TARGET = 15.5;
				MTL_ENABLE_DEBUG_INFO = INCLUDE_SOURCE;
				MTL_FAST_MATH = YES;
				ONLY_ACTIVE_ARCH = YES;
				SDKROOT = iphoneos;
				SWIFT_ACTIVE_COMPILATION_CONDITIONS = DEBUG;
				SWIFT_OPTIMIZATION_LEVEL = "-Onone";
			};
			name = Debug;
		};
		3A736D5328A0E637008CA2A1 /* Release */ = {
			isa = XCBuildConfiguration;
			buildSettings = {
				ALWAYS_SEARCH_USER_PATHS = NO;
				CLANG_ANALYZER_NONNULL = YES;
				CLANG_ANALYZER_NUMBER_OBJECT_CONVERSION = YES_AGGRESSIVE;
				CLANG_CXX_LANGUAGE_STANDARD = "gnu++17";
				CLANG_ENABLE_MODULES = YES;
				CLANG_ENABLE_OBJC_ARC = YES;
				CLANG_ENABLE_OBJC_WEAK = YES;
				CLANG_WARN_BLOCK_CAPTURE_AUTORELEASING = YES;
				CLANG_WARN_BOOL_CONVERSION = YES;
				CLANG_WARN_COMMA = YES;
				CLANG_WARN_CONSTANT_CONVERSION = YES;
				CLANG_WARN_DEPRECATED_OBJC_IMPLEMENTATIONS = YES;
				CLANG_WARN_DIRECT_OBJC_ISA_USAGE = YES_ERROR;
				CLANG_WARN_DOCUMENTATION_COMMENTS = YES;
				CLANG_WARN_EMPTY_BODY = YES;
				CLANG_WARN_ENUM_CONVERSION = YES;
				CLANG_WARN_INFINITE_RECURSION = YES;
				CLANG_WARN_INT_CONVERSION = YES;
				CLANG_WARN_NON_LITERAL_NULL_CONVERSION = YES;
				CLANG_WARN_OBJC_IMPLICIT_RETAIN_SELF = YES;
				CLANG_WARN_OBJC_LITERAL_CONVERSION = YES;
				CLANG_WARN_OBJC_ROOT_CLASS = YES_ERROR;
				CLANG_WARN_QUOTED_INCLUDE_IN_FRAMEWORK_HEADER = YES;
				CLANG_WARN_RANGE_LOOP_ANALYSIS = YES;
				CLANG_WARN_STRICT_PROTOTYPES = YES;
				CLANG_WARN_SUSPICIOUS_MOVE = YES;
				CLANG_WARN_UNGUARDED_AVAILABILITY = YES_AGGRESSIVE;
				CLANG_WARN_UNREACHABLE_CODE = YES;
				CLANG_WARN__DUPLICATE_METHOD_MATCH = YES;
				COPY_PHASE_STRIP = NO;
				DEBUG_INFORMATION_FORMAT = "dwarf-with-dsym";
				ENABLE_NS_ASSERTIONS = NO;
				ENABLE_STRICT_OBJC_MSGSEND = YES;
				GCC_C_LANGUAGE_STANDARD = gnu11;
				GCC_NO_COMMON_BLOCKS = YES;
				GCC_WARN_64_TO_32_BIT_CONVERSION = YES;
				GCC_WARN_ABOUT_RETURN_TYPE = YES_ERROR;
				GCC_WARN_UNDECLARED_SELECTOR = YES;
				GCC_WARN_UNINITIALIZED_AUTOS = YES_AGGRESSIVE;
				GCC_WARN_UNUSED_FUNCTION = YES;
				GCC_WARN_UNUSED_VARIABLE = YES;
				IPHONEOS_DEPLOYMENT_TARGET = 15.5;
				MTL_ENABLE_DEBUG_INFO = NO;
				MTL_FAST_MATH = YES;
				SDKROOT = iphoneos;
				SWIFT_COMPILATION_MODE = wholemodule;
				SWIFT_OPTIMIZATION_LEVEL = "-O";
				VALIDATE_PRODUCT = YES;
			};
			name = Release;
		};
		3A736D5528A0E637008CA2A1 /* Debug */ = {
			isa = XCBuildConfiguration;
			buildSettings = {
				ASSETCATALOG_COMPILER_APPICON_NAME = AppIcon;
				ASSETCATALOG_COMPILER_GLOBAL_ACCENT_COLOR_NAME = AccentColor;
				CODE_SIGN_STYLE = Automatic;
				CURRENT_PROJECT_VERSION = 1;
				DEVELOPMENT_ASSET_PATHS = "\"tanomeal/Preview Content\"";
				DEVELOPMENT_TEAM = WS3BW9P9Y5;
				ENABLE_PREVIEWS = YES;
				GENERATE_INFOPLIST_FILE = YES;
				INFOPLIST_KEY_UIApplicationSceneManifest_Generation = YES;
				INFOPLIST_KEY_UIApplicationSupportsIndirectInputEvents = YES;
				INFOPLIST_KEY_UILaunchScreen_Generation = YES;
				INFOPLIST_KEY_UISupportedInterfaceOrientations_iPad = "UIInterfaceOrientationPortrait UIInterfaceOrientationPortraitUpsideDown UIInterfaceOrientationLandscapeLeft UIInterfaceOrientationLandscapeRight";
				INFOPLIST_KEY_UISupportedInterfaceOrientations_iPhone = "UIInterfaceOrientationPortrait UIInterfaceOrientationLandscapeLeft UIInterfaceOrientationLandscapeRight";
				LD_RUNPATH_SEARCH_PATHS = (
					"$(inherited)",
					"@executable_path/Frameworks",
				);
				MARKETING_VERSION = 1.0;
				PRODUCT_BUNDLE_IDENTIFIER = com.tanomeals.tanomeal;
				PRODUCT_NAME = "$(TARGET_NAME)";
				SWIFT_EMIT_LOC_STRINGS = YES;
				SWIFT_VERSION = 5.0;
				TARGETED_DEVICE_FAMILY = "1,2";
			};
			name = Debug;
		};
		3A736D5628A0E637008CA2A1 /* Release */ = {
			isa = XCBuildConfiguration;
			buildSettings = {
				ASSETCATALOG_COMPILER_APPICON_NAME = AppIcon;
				ASSETCATALOG_COMPILER_GLOBAL_ACCENT_COLOR_NAME = AccentColor;
				CODE_SIGN_STYLE = Automatic;
				CURRENT_PROJECT_VERSION = 1;
				DEVELOPMENT_ASSET_PATHS = "\"tanomeal/Preview Content\"";
				DEVELOPMENT_TEAM = WS3BW9P9Y5;
				ENABLE_PREVIEWS = YES;
				GENERATE_INFOPLIST_FILE = YES;
				INFOPLIST_KEY_UIApplicationSceneManifest_Generation = YES;
				INFOPLIST_KEY_UIApplicationSupportsIndirectInputEvents = YES;
				INFOPLIST_KEY_UILaunchScreen_Generation = YES;
				INFOPLIST_KEY_UISupportedInterfaceOrientations_iPad = "UIInterfaceOrientationPortrait UIInterfaceOrientationPortraitUpsideDown UIInterfaceOrientationLandscapeLeft UIInterfaceOrientationLandscapeRight";
				INFOPLIST_KEY_UISupportedInterfaceOrientations_iPhone = "UIInterfaceOrientationPortrait UIInterfaceOrientationLandscapeLeft UIInterfaceOrientationLandscapeRight";
				LD_RUNPATH_SEARCH_PATHS = (
					"$(inherited)",
					"@executable_path/Frameworks",
				);
				MARKETING_VERSION = 1.0;
				PRODUCT_BUNDLE_IDENTIFIER = com.tanomeals.tanomeal;
				PRODUCT_NAME = "$(TARGET_NAME)";
				SWIFT_EMIT_LOC_STRINGS = YES;
				SWIFT_VERSION = 5.0;
				TARGETED_DEVICE_FAMILY = "1,2";
			};
			name = Release;
		};
		3A736D5828A0E637008CA2A1 /* Debug */ = {
			isa = XCBuildConfiguration;
			buildSettings = {
				ALWAYS_EMBED_SWIFT_STANDARD_LIBRARIES = YES;
				BUNDLE_LOADER = "$(TEST_HOST)";
				CODE_SIGN_STYLE = Automatic;
				CURRENT_PROJECT_VERSION = 1;
				DEVELOPMENT_TEAM = WS3BW9P9Y5;
				GENERATE_INFOPLIST_FILE = YES;
				IPHONEOS_DEPLOYMENT_TARGET = 15.5;
				MARKETING_VERSION = 1.0;
				PRODUCT_BUNDLE_IDENTIFIER = com.tanomeals.tanomealTests;
				PRODUCT_NAME = "$(TARGET_NAME)";
				SWIFT_EMIT_LOC_STRINGS = NO;
				SWIFT_VERSION = 5.0;
				TARGETED_DEVICE_FAMILY = "1,2";
				TEST_HOST = "$(BUILT_PRODUCTS_DIR)/tanomeal.app/tanomeal";
			};
			name = Debug;
		};
		3A736D5928A0E637008CA2A1 /* Release */ = {
			isa = XCBuildConfiguration;
			buildSettings = {
				ALWAYS_EMBED_SWIFT_STANDARD_LIBRARIES = YES;
				BUNDLE_LOADER = "$(TEST_HOST)";
				CODE_SIGN_STYLE = Automatic;
				CURRENT_PROJECT_VERSION = 1;
				DEVELOPMENT_TEAM = WS3BW9P9Y5;
				GENERATE_INFOPLIST_FILE = YES;
				IPHONEOS_DEPLOYMENT_TARGET = 15.5;
				MARKETING_VERSION = 1.0;
				PRODUCT_BUNDLE_IDENTIFIER = com.tanomeals.tanomealTests;
				PRODUCT_NAME = "$(TARGET_NAME)";
				SWIFT_EMIT_LOC_STRINGS = NO;
				SWIFT_VERSION = 5.0;
				TARGETED_DEVICE_FAMILY = "1,2";
				TEST_HOST = "$(BUILT_PRODUCTS_DIR)/tanomeal.app/tanomeal";
			};
			name = Release;
		};
		3A736D5B28A0E637008CA2A1 /* Debug */ = {
			isa = XCBuildConfiguration;
			buildSettings = {
				ALWAYS_EMBED_SWIFT_STANDARD_LIBRARIES = YES;
				CODE_SIGN_STYLE = Automatic;
				CURRENT_PROJECT_VERSION = 1;
				DEVELOPMENT_TEAM = WS3BW9P9Y5;
				GENERATE_INFOPLIST_FILE = YES;
				MARKETING_VERSION = 1.0;
				PRODUCT_BUNDLE_IDENTIFIER = com.tanomeals.tanomealUITests;
				PRODUCT_NAME = "$(TARGET_NAME)";
				SWIFT_EMIT_LOC_STRINGS = NO;
				SWIFT_VERSION = 5.0;
				TARGETED_DEVICE_FAMILY = "1,2";
				TEST_TARGET_NAME = tanomeal;
			};
			name = Debug;
		};
		3A736D5C28A0E637008CA2A1 /* Release */ = {
			isa = XCBuildConfiguration;
			buildSettings = {
				ALWAYS_EMBED_SWIFT_STANDARD_LIBRARIES = YES;
				CODE_SIGN_STYLE = Automatic;
				CURRENT_PROJECT_VERSION = 1;
				DEVELOPMENT_TEAM = WS3BW9P9Y5;
				GENERATE_INFOPLIST_FILE = YES;
				MARKETING_VERSION = 1.0;
				PRODUCT_BUNDLE_IDENTIFIER = com.tanomeals.tanomealUITests;
				PRODUCT_NAME = "$(TARGET_NAME)";
				SWIFT_EMIT_LOC_STRINGS = NO;
				SWIFT_VERSION = 5.0;
				TARGETED_DEVICE_FAMILY = "1,2";
				TEST_TARGET_NAME = tanomeal;
			};
			name = Release;
		};
/* End XCBuildConfiguration section */

/* Begin XCConfigurationList section */
		3A736D2628A0E636008CA2A1 /* Build configuration list for PBXProject "tanomeal" */ = {
			isa = XCConfigurationList;
			buildConfigurations = (
				3A736D5228A0E637008CA2A1 /* Debug */,
				3A736D5328A0E637008CA2A1 /* Release */,
			);
			defaultConfigurationIsVisible = 0;
			defaultConfigurationName = Release;
		};
		3A736D5428A0E637008CA2A1 /* Build configuration list for PBXNativeTarget "tanomeal" */ = {
			isa = XCConfigurationList;
			buildConfigurations = (
				3A736D5528A0E637008CA2A1 /* Debug */,
				3A736D5628A0E637008CA2A1 /* Release */,
			);
			defaultConfigurationIsVisible = 0;
			defaultConfigurationName = Release;
		};
		3A736D5728A0E637008CA2A1 /* Build configuration list for PBXNativeTarget "tanomealTests" */ = {
			isa = XCConfigurationList;
			buildConfigurations = (
				3A736D5828A0E637008CA2A1 /* Debug */,
				3A736D5928A0E637008CA2A1 /* Release */,
			);
			defaultConfigurationIsVisible = 0;
			defaultConfigurationName = Release;
		};
		3A736D5A28A0E637008CA2A1 /* Build configuration list for PBXNativeTarget "tanomealUITests" */ = {
			isa = XCConfigurationList;
			buildConfigurations = (
				3A736D5B28A0E637008CA2A1 /* Debug */,
				3A736D5C28A0E637008CA2A1 /* Release */,
			);
			defaultConfigurationIsVisible = 0;
			defaultConfigurationName = Release;
		};
/* End XCConfigurationList section */

/* Begin XCVersionGroup section */
		3A736D3928A0E636008CA2A1 /* tanomeal.xcdatamodeld */ = {
			isa = XCVersionGroup;
			children = (
				3A736D3A28A0E636008CA2A1 /* tanomeal.xcdatamodel */,
			);
			currentVersion = 3A736D3A28A0E636008CA2A1 /* tanomeal.xcdatamodel */;
			path = tanomeal.xcdatamodeld;
			sourceTree = "<group>";
			versionGroupType = wrapper.xcdatamodel;
		};
/* End XCVersionGroup section */
	};
	rootObject = 3A736D2328A0E636008CA2A1 /* Project object */;
}
